
Microsoft Visual Studio Solution File, Format Version 12.00
# Visual Studio Version 17
VisualStudioVersion = 17.2.32630.192
MinimumVisualStudioVersion = 10.0.40219.1
Project("{FAE04EC0-301F-11D3-BF4B-00C04F79EFBC}") = "money transfer", "money transfer\money transfer.csproj", "{1ABE0204-AA4C-47FC-9A7E-3B3DFA8136DC}"
EndProject
Global
	GlobalSection(SolutionConfigurationPlatforms) = preSolution
		Debug|Any CPU = Debug|Any CPU
		Release|Any CPU = Release|Any CPU
	EndGlobalSection
	GlobalSection(ProjectConfigurationPlatforms) = postSolution
		{1ABE0204-AA4C-47FC-9A7E-3B3DFA8136DC}.Debug|Any CPU.ActiveCfg = Debug|Any CPU
		{1ABE0204-AA4C-47FC-9A7E-3B3DFA8136DC}.Debug|Any CPU.Build.0 = Debug|Any CPU
		{1ABE0204-AA4C-47FC-9A7E-3B3DFA8136DC}.Release|Any CPU.ActiveCfg = Release|Any CPU
		{1ABE0204-AA4C-47FC-9A7E-3B3DFA8136DC}.Release|Any CPU.Build.0 = Release|Any CPU
	EndGlobalSection
	GlobalSection(SolutionProperties) = preSolution
		HideSolutionNode = FALSE
	EndGlobalSection
	GlobalSection(ExtensibilityGlobals) = postSolution
		SolutionGuid = {5536F93E-0435-419E-9A04-8ECA43E597FD}
	EndGlobalSection
EndGlobal
